{
  "pins" : [
    {
      "identity" : "applovin-max-swift-package",
      "kind" : "remoteSourceControl",
      "location" : "https://github.com/AppLovin/AppLovin-MAX-Swift-Package.git",
      "state" : {
        "revision" : "d829feb5b7de8755e9a1834c2e1e0b95c9126424",
        "version" : "13.6.2"
      }
    },
    {
      "identity" : "vungleadssdk-swiftpackagemanager",
      "kind" : "remoteSourceControl",
      "location" : "https://github.com/Vungle/VungleAdsSDK-SwiftPackageManager.git",
      "state" : {
        "revision" : "73e7f5cb0541f2040ca5e4fe17c159f18202ea6d",
        "version" : "7.7.2"
      }
    }
  ],
  "version" : 2
}
