{
  "pins" : [
    {
      "identity" : "applovin-max-swift-package",
      "kind" : "remoteSourceControl",
      "location" : "https://github.com/AppLovin/AppLovin-MAX-Swift-Package.git",
      "state" : {
        "revision" : "b5acf713209298059bb2f09b22d84d523454bc7b",
        "version" : "13.5.1"
      }
    },
    {
      "identity" : "vungleadssdk-swiftpackagemanager",
      "kind" : "remoteSourceControl",
      "location" : "https://github.com/Vungle/VungleAdsSDK-SwiftPackageManager.git",
      "state" : {
        "revision" : "ee4f0cb9244298a9d5dbadd29c9fd5798d49ee71",
        "version" : "7.6.3"
      }
    }
  ],
  "version" : 2
}
